
Microsoft Visual Studio Solution File, Format Version 12.00
# Visual Studio 15
VisualStudioVersion = 15.0.28307.168
MinimumVisualStudioVersion = 10.0.40219.1
Project("{FAE04EC0-301F-11D3-BF4B-00C04F79EFBC}") = "DataCmp", "DataCmp\DataCmp.csproj", "{0CF9A5AE-AE4D-43C0-B112-CF9B6C4F35D3}"
EndProject
Global
	GlobalSection(SolutionConfigurationPlatforms) = preSolution
		Debug|Any CPU = Debug|Any CPU
		Release|Any CPU = Release|Any CPU
	EndGlobalSection
	GlobalSection(ProjectConfigurationPlatforms) = postSolution
		{0CF9A5AE-AE4D-43C0-B112-CF9B6C4F35D3}.Debug|Any CPU.ActiveCfg = Debug|Any CPU
		{0CF9A5AE-AE4D-43C0-B112-CF9B6C4F35D3}.Debug|Any CPU.Build.0 = Debug|Any CPU
		{0CF9A5AE-AE4D-43C0-B112-CF9B6C4F35D3}.Release|Any CPU.ActiveCfg = Release|Any CPU
		{0CF9A5AE-AE4D-43C0-B112-CF9B6C4F35D3}.Release|Any CPU.Build.0 = Release|Any CPU
	EndGlobalSection
	GlobalSection(SolutionProperties) = preSolution
		HideSolutionNode = FALSE
	EndGlobalSection
	GlobalSection(ExtensibilityGlobals) = postSolution
		SolutionGuid = {37763525-54D4-4C98-8507-29CF1FB9D0A1}
	EndGlobalSection
EndGlobal
